
Microsoft Visual Studio Solution File, Format Version 12.00
# Visual Studio Version 16
VisualStudioVersion = 16.0.30114.105
MinimumVisualStudioVersion = 10.0.40219.1
Project("{2150E333-8FDC-42A3-9474-1A3956D46DE8}") = "src", "src", "{9476B3D9-C48F-4271-B816-05BA2DE2C2C8}"
EndProject
Project("{FAE04EC0-301F-11D3-BF4B-00C04F79EFBC}") = "GSalvi.EventSourcing", "src\GSalvi.EventSourcing\GSalvi.EventSourcing.csproj", "{B368F518-666D-4779-A785-5BDC91FD47BE}"
EndProject
Project("{2150E333-8FDC-42A3-9474-1A3956D46DE8}") = "tests", "tests", "{51E10FD8-A4B8-4C6F-A86F-EF2E3D9CDF1D}"
EndProject
Project("{FAE04EC0-301F-11D3-BF4B-00C04F79EFBC}") = "GSalvi.EventSourcing.Tests", "tests\GSalvi.EventSourcing.Tests\GSalvi.EventSourcing.Tests.csproj", "{5BD49CC1-6D3B-4A52-BBED-365EDAF57E2E}"
EndProject
Global
	GlobalSection(SolutionConfigurationPlatforms) = preSolution
		Debug|Any CPU = Debug|Any CPU
		Release|Any CPU = Release|Any CPU
	EndGlobalSection
	GlobalSection(SolutionProperties) = preSolution
		HideSolutionNode = FALSE
	EndGlobalSection
	GlobalSection(ProjectConfigurationPlatforms) = postSolution
		{B368F518-666D-4779-A785-5BDC91FD47BE}.Debug|Any CPU.ActiveCfg = Debug|Any CPU
		{B368F518-666D-4779-A785-5BDC91FD47BE}.Debug|Any CPU.Build.0 = Debug|Any CPU
		{B368F518-666D-4779-A785-5BDC91FD47BE}.Release|Any CPU.ActiveCfg = Release|Any CPU
		{B368F518-666D-4779-A785-5BDC91FD47BE}.Release|Any CPU.Build.0 = Release|Any CPU
		{5BD49CC1-6D3B-4A52-BBED-365EDAF57E2E}.Debug|Any CPU.ActiveCfg = Debug|Any CPU
		{5BD49CC1-6D3B-4A52-BBED-365EDAF57E2E}.Debug|Any CPU.Build.0 = Debug|Any CPU
		{5BD49CC1-6D3B-4A52-BBED-365EDAF57E2E}.Release|Any CPU.ActiveCfg = Release|Any CPU
		{5BD49CC1-6D3B-4A52-BBED-365EDAF57E2E}.Release|Any CPU.Build.0 = Release|Any CPU
	EndGlobalSection
	GlobalSection(NestedProjects) = preSolution
		{B368F518-666D-4779-A785-5BDC91FD47BE} = {9476B3D9-C48F-4271-B816-05BA2DE2C2C8}
		{5BD49CC1-6D3B-4A52-BBED-365EDAF57E2E} = {51E10FD8-A4B8-4C6F-A86F-EF2E3D9CDF1D}
	EndGlobalSection
EndGlobal
